
Microsoft Visual Studio Solution File, Format Version 12.00
# Visual Studio Version 17
VisualStudioVersion = 17.5.33516.290
MinimumVisualStudioVersion = 10.0.40219.1
Project("{FAE04EC0-301F-11D3-BF4B-00C04F79EFBC}") = "Consumir-API-Correios", "Consumir-API-Correios.csproj", "{B823A883-1F3E-4D7B-B25C-BA1877C63B0C}"
EndProject
Global
	GlobalSection(SolutionConfigurationPlatforms) = preSolution
		Debug|Any CPU = Debug|Any CPU
		Release|Any CPU = Release|Any CPU
	EndGlobalSection
	GlobalSection(ProjectConfigurationPlatforms) = postSolution
		{B823A883-1F3E-4D7B-B25C-BA1877C63B0C}.Debug|Any CPU.ActiveCfg = Debug|Any CPU
		{B823A883-1F3E-4D7B-B25C-BA1877C63B0C}.Debug|Any CPU.Build.0 = Debug|Any CPU
		{B823A883-1F3E-4D7B-B25C-BA1877C63B0C}.Release|Any CPU.ActiveCfg = Release|Any CPU
		{B823A883-1F3E-4D7B-B25C-BA1877C63B0C}.Release|Any CPU.Build.0 = Release|Any CPU
	EndGlobalSection
	GlobalSection(SolutionProperties) = preSolution
		HideSolutionNode = FALSE
	EndGlobalSection
	GlobalSection(ExtensibilityGlobals) = postSolution
		SolutionGuid = {4E000C72-43B9-4DB1-B297-E2BA490F0E84}
	EndGlobalSection
EndGlobal
